// !$*UTF8*$!
{
	archiveVersion = 1;
	classes = {
	};
	objectVersion = 56;
	objects = {

/* Begin PBXBuildFile section */
		426E64192A7F7A1B0046ED24 /* AppDelegate.swift in Sources */ = {isa = PBXBuildFile; fileRef = 426E64182A7F7A1B0046ED24 /* AppDelegate.swift */; };
		426E641B2A7F7A1B0046ED24 /* SceneDelegate.swift in Sources */ = {isa = PBXBuildFile; fileRef = 426E641A2A7F7A1B0046ED24 /* SceneDelegate.swift */; };
		426E64232A7F7A1B0046ED24 /* weatherapp.xcdatamodeld in Sources */ = {isa = PBXBuildFile; fileRef = 426E64212A7F7A1B0046ED24 /* weatherapp.xcdatamodeld */; };
		426E64252A7F7A1F0046ED24 /* Assets.xcassets in Resources */ = {isa = PBXBuildFile; fileRef = 426E64242A7F7A1F0046ED24 /* Assets.xcassets */; };
		426E64282A7F7A1F0046ED24 /* LaunchScreen.storyboard in Resources */ = {isa = PBXBuildFile; fileRef = 426E64262A7F7A1F0046ED24 /* LaunchScreen.storyboard */; };
		426E64332A7F7A1F0046ED24 /* weatherappTests.swift in Sources */ = {isa = PBXBuildFile; fileRef = 426E64322A7F7A1F0046ED24 /* weatherappTests.swift */; };
		426E643D2A7F7A1F0046ED24 /* weatherappUITests.swift in Sources */ = {isa = PBXBuildFile; fileRef = 426E643C2A7F7A1F0046ED24 /* weatherappUITests.swift */; };
		426E643F2A7F7A1F0046ED24 /* weatherappUITestsLaunchTests.swift in Sources */ = {isa = PBXBuildFile; fileRef = 426E643E2A7F7A1F0046ED24 /* weatherappUITestsLaunchTests.swift */; };
		426E64542A7F7ACB0046ED24 /* weathercore.docc in Sources */ = {isa = PBXBuildFile; fileRef = 426E64532A7F7ACB0046ED24 /* weathercore.docc */; };
		426E645A2A7F7ACC0046ED24 /* weathercore.framework in Frameworks */ = {isa = PBXBuildFile; fileRef = 426E64502A7F7ACB0046ED24 /* weathercore.framework */; };
		426E64612A7F7ACC0046ED24 /* weathercoreTests.swift in Sources */ = {isa = PBXBuildFile; fileRef = 426E64602A7F7ACC0046ED24 /* weathercoreTests.swift */; };
		426E64622A7F7ACC0046ED24 /* weathercore.h in Headers */ = {isa = PBXBuildFile; fileRef = 426E64522A7F7ACB0046ED24 /* weathercore.h */; settings = {ATTRIBUTES = (Public, ); }; };
		426E64652A7F7ACC0046ED24 /* weathercore.framework in Frameworks */ = {isa = PBXBuildFile; fileRef = 426E64502A7F7ACB0046ED24 /* weathercore.framework */; };
		426E64662A7F7ACC0046ED24 /* weathercore.framework in Embed Frameworks */ = {isa = PBXBuildFile; fileRef = 426E64502A7F7ACB0046ED24 /* weathercore.framework */; settings = {ATTRIBUTES = (CodeSignOnCopy, RemoveHeadersOnCopy, ); }; };
		426E64732A7F7B450046ED24 /* RequestBuilder.swift in Sources */ = {isa = PBXBuildFile; fileRef = 426E64712A7F7B440046ED24 /* RequestBuilder.swift */; };
		426E64742A7F7B450046ED24 /* WeatherWorker.swift in Sources */ = {isa = PBXBuildFile; fileRef = 426E64722A7F7B450046ED24 /* WeatherWorker.swift */; };
		426E64792A7F7B570046ED24 /* ForecastEntity.swift in Sources */ = {isa = PBXBuildFile; fileRef = 426E64752A7F7B550046ED24 /* ForecastEntity.swift */; };
		426E647A2A7F7B570046ED24 /* CoreDataConstants.swift in Sources */ = {isa = PBXBuildFile; fileRef = 426E64762A7F7B550046ED24 /* CoreDataConstants.swift */; };
		426E647B2A7F7B570046ED24 /* DataStoreImpl.swift in Sources */ = {isa = PBXBuildFile; fileRef = 426E64772A7F7B560046ED24 /* DataStoreImpl.swift */; };
		426E647C2A7F7B570046ED24 /* IDataStore.swift in Sources */ = {isa = PBXBuildFile; fileRef = 426E64782A7F7B560046ED24 /* IDataStore.swift */; };
		426E647E2A7F7B690046ED24 /* AppConfig.swift in Sources */ = {isa = PBXBuildFile; fileRef = 426E647D2A7F7B690046ED24 /* AppConfig.swift */; };
		426E64832A7F7B960046ED24 /* WeatherItem.swift in Sources */ = {isa = PBXBuildFile; fileRef = 426E64802A7F7B940046ED24 /* WeatherItem.swift */; };
		426E64842A7F7B960046ED24 /* RequestState.swift in Sources */ = {isa = PBXBuildFile; fileRef = 426E64812A7F7B940046ED24 /* RequestState.swift */; };
		426E64852A7F7B960046ED24 /* ForecastItem.swift in Sources */ = {isa = PBXBuildFile; fileRef = 426E64822A7F7B950046ED24 /* ForecastItem.swift */; };
		426E64872A7F7BA60046ED24 /* Double+Extension.swift in Sources */ = {isa = PBXBuildFile; fileRef = 426E64862A7F7BA60046ED24 /* Double+Extension.swift */; };
		426E648B2A7F7BE00046ED24 /* LogUtils.swift in Sources */ = {isa = PBXBuildFile; fileRef = 426E64892A7F7BDF0046ED24 /* LogUtils.swift */; };
		426E648C2A7F7BE00046ED24 /* ResponseDecoder.swift in Sources */ = {isa = PBXBuildFile; fileRef = 426E648A2A7F7BE00046ED24 /* ResponseDecoder.swift */; };
		426E64902A7F7C0A0046ED24 /* EnvironmentVars.swift in Sources */ = {isa = PBXBuildFile; fileRef = 426E648D2A7F7C090046ED24 /* EnvironmentVars.swift */; };
		426E64912A7F7C0A0046ED24 /* main.swift in Sources */ = {isa = PBXBuildFile; fileRef = 426E648E2A7F7C0A0046ED24 /* main.swift */; };
		426E64922A7F7C0A0046ED24 /* DVTApp.swift in Sources */ = {isa = PBXBuildFile; fileRef = 426E648F2A7F7C0A0046ED24 /* DVTApp.swift */; };
		426E64952A7F7CED0046ED24 /* Preview Assets.xcassets in Resources */ = {isa = PBXBuildFile; fileRef = 426E64942A7F7CED0046ED24 /* Preview Assets.xcassets */; };
		426E649B2A7F7D580046ED24 /* Color+Extension.swift in Sources */ = {isa = PBXBuildFile; fileRef = 426E64982A7F7D570046ED24 /* Color+Extension.swift */; };
		426E649C2A7F7D580046ED24 /* HostingViewController.swift in Sources */ = {isa = PBXBuildFile; fileRef = 426E64992A7F7D570046ED24 /* HostingViewController.swift */; };
		426E649D2A7F7D580046ED24 /* UIUtils.swift in Sources */ = {isa = PBXBuildFile; fileRef = 426E649A2A7F7D570046ED24 /* UIUtils.swift */; };
		426E64A22A7F7D840046ED24 /* LoaderView.xib in Resources */ = {isa = PBXBuildFile; fileRef = 426E64A02A7F7D840046ED24 /* LoaderView.xib */; };
		426E64A42A7F7D900046ED24 /* LoaderView.swift in Sources */ = {isa = PBXBuildFile; fileRef = 426E64A32A7F7D900046ED24 /* LoaderView.swift */; };
		426E64AA2A7F7DCB0046ED24 /* ForecastTableCell.swift in Sources */ = {isa = PBXBuildFile; fileRef = 426E64A82A7F7DCA0046ED24 /* ForecastTableCell.swift */; };
		426E64AB2A7F7DCB0046ED24 /* WeatherViewController.swift in Sources */ = {isa = PBXBuildFile; fileRef = 426E64A92A7F7DCA0046ED24 /* WeatherViewController.swift */; };
		426E64AF2A7F7DF10046ED24 /* Weather.storyboard in Resources */ = {isa = PBXBuildFile; fileRef = 426E64AD2A7F7DF10046ED24 /* Weather.storyboard */; };
		426E64B42A7F7E030046ED24 /* WeatherViewModel.swift in Sources */ = {isa = PBXBuildFile; fileRef = 426E64B02A7F7E020046ED24 /* WeatherViewModel.swift */; };
		426E64B52A7F7E030046ED24 /* WeatherView.swift in Sources */ = {isa = PBXBuildFile; fileRef = 426E64B12A7F7E020046ED24 /* WeatherView.swift */; };
		426E64B62A7F7E030046ED24 /* LoadingView.swift in Sources */ = {isa = PBXBuildFile; fileRef = 426E64B22A7F7E020046ED24 /* LoadingView.swift */; };
		426E64B72A7F7E030046ED24 /* ForecastRowView.swift in Sources */ = {isa = PBXBuildFile; fileRef = 426E64B32A7F7E030046ED24 /* ForecastRowView.swift */; };
		426E64BA2A7F89210046ED24 /* EmptyTableCell.swift in Sources */ = {isa = PBXBuildFile; fileRef = 426E64B92A7F89210046ED24 /* EmptyTableCell.swift */; };
		42F4A6DC2A7FC655005849D4 /* dvt.png in Resources */ = {isa = PBXBuildFile; fileRef = 42F4A6DB2A7FC655005849D4 /* dvt.png */; };
		42F4A6E42A7FC9CF005849D4 /* Icon-57x57.png in Resources */ = {isa = PBXBuildFile; fileRef = 42F4A6E22A7FC9CF005849D4 /* Icon-57x57.png */; };
		42F4A6E52A7FC9CF005849D4 /* Icon-512x512.png in Resources */ = {isa = PBXBuildFile; fileRef = 42F4A6E32A7FC9CF005849D4 /* Icon-512x512.png */; };
		42F4A6E72A7FCB55005849D4 /* release in Resources */ = {isa = PBXBuildFile; fileRef = 42F4A6E62A7FCB55005849D4 /* release */; };
/* End PBXBuildFile section */

/* Begin PBXContainerItemProxy section */
		426E642F2A7F7A1F0046ED24 /* PBXContainerItemProxy */ = {
			isa = PBXContainerItemProxy;
			containerPortal = 426E640D2A7F7A1B0046ED24 /* Project object */;
			proxyType = 1;
			remoteGlobalIDString = 426E64142A7F7A1B0046ED24;
			remoteInfo = weatherapp;
		};
		426E64392A7F7A1F0046ED24 /* PBXContainerItemProxy */ = {
			isa = PBXContainerItemProxy;
			containerPortal = 426E640D2A7F7A1B0046ED24 /* Project object */;
			proxyType = 1;
			remoteGlobalIDString = 426E64142A7F7A1B0046ED24;
			remoteInfo = weatherapp;
		};
		426E645B2A7F7ACC0046ED24 /* PBXContainerItemProxy */ = {
			isa = PBXContainerItemProxy;
			containerPortal = 426E640D2A7F7A1B0046ED24 /* Project object */;
			proxyType = 1;
			remoteGlobalIDString = 426E644F2A7F7ACB0046ED24;
			remoteInfo = weathercore;
		};
		426E645D2A7F7ACC0046ED24 /* PBXContainerItemProxy */ = {
			isa = PBXContainerItemProxy;
			containerPortal = 426E640D2A7F7A1B0046ED24 /* Project object */;
			proxyType = 1;
			remoteGlobalIDString = 426E64142A7F7A1B0046ED24;
			remoteInfo = weatherapp;
		};
		426E64632A7F7ACC0046ED24 /* PBXContainerItemProxy */ = {
			isa = PBXContainerItemProxy;
			containerPortal = 426E640D2A7F7A1B0046ED24 /* Project object */;
			proxyType = 1;
			remoteGlobalIDString = 426E644F2A7F7ACB0046ED24;
			remoteInfo = weathercore;
		};
/* End PBXContainerItemProxy section */

/* Begin PBXCopyFilesBuildPhase section */
		426E646A2A7F7ACC0046ED24 /* Embed Frameworks */ = {
			isa = PBXCopyFilesBuildPhase;
			buildActionMask = 2147483647;
			dstPath = "";
			dstSubfolderSpec = 10;
			files = (
				426E64662A7F7ACC0046ED24 /* weathercore.framework in Embed Frameworks */,
			);
			name = "Embed Frameworks";
			runOnlyForDeploymentPostprocessing = 0;
		};
/* End PBXCopyFilesBuildPhase section */

/* Begin PBXFileReference section */
		426E64152A7F7A1B0046ED24 /* weatherapp.app */ = {isa = PBXFileReference; explicitFileType = wrapper.application; includeInIndex = 0; path = weatherapp.app; sourceTree = BUILT_PRODUCTS_DIR; };
		426E64182A7F7A1B0046ED24 /* AppDelegate.swift */ = {isa = PBXFileReference; lastKnownFileType = sourcecode.swift; path = AppDelegate.swift; sourceTree = "<group>"; };
		426E641A2A7F7A1B0046ED24 /* SceneDelegate.swift */ = {isa = PBXFileReference; lastKnownFileType = sourcecode.swift; path = SceneDelegate.swift; sourceTree = "<group>"; };
		426E64222A7F7A1B0046ED24 /* weatherapp.xcdatamodel */ = {isa = PBXFileReference; lastKnownFileType = wrapper.xcdatamodel; path = weatherapp.xcdatamodel; sourceTree = "<group>"; };
		426E64242A7F7A1F0046ED24 /* Assets.xcassets */ = {isa = PBXFileReference; lastKnownFileType = folder.assetcatalog; path = Assets.xcassets; sourceTree = "<group>"; };
		426E64272A7F7A1F0046ED24 /* Base */ = {isa = PBXFileReference; lastKnownFileType = file.storyboard; name = Base; path = Base.lproj/LaunchScreen.storyboard; sourceTree = "<group>"; };
		426E64292A7F7A1F0046ED24 /* Info.plist */ = {isa = PBXFileReference; lastKnownFileType = text.plist.xml; path = Info.plist; sourceTree = "<group>"; };
		426E642E2A7F7A1F0046ED24 /* weatherappTests.xctest */ = {isa = PBXFileReference; explicitFileType = wrapper.cfbundle; includeInIndex = 0; path = weatherappTests.xctest; sourceTree = BUILT_PRODUCTS_DIR; };
		426E64322A7F7A1F0046ED24 /* weatherappTests.swift */ = {isa = PBXFileReference; lastKnownFileType = sourcecode.swift; path = weatherappTests.swift; sourceTree = "<group>"; };
		426E64382A7F7A1F0046ED24 /* weatherappUITests.xctest */ = {isa = PBXFileReference; explicitFileType = wrapper.cfbundle; includeInIndex = 0; path = weatherappUITests.xctest; sourceTree = BUILT_PRODUCTS_DIR; };
		426E643C2A7F7A1F0046ED24 /* weatherappUITests.swift */ = {isa = PBXFileReference; lastKnownFileType = sourcecode.swift; path = weatherappUITests.swift; sourceTree = "<group>"; };
		426E643E2A7F7A1F0046ED24 /* weatherappUITestsLaunchTests.swift */ = {isa = PBXFileReference; lastKnownFileType = sourcecode.swift; path = weatherappUITestsLaunchTests.swift; sourceTree = "<group>"; };
		426E64502A7F7ACB0046ED24 /* weathercore.framework */ = {isa = PBXFileReference; explicitFileType = wrapper.framework; includeInIndex = 0; path = weathercore.framework; sourceTree = BUILT_PRODUCTS_DIR; };
		426E64522A7F7ACB0046ED24 /* weathercore.h */ = {isa = PBXFileReference; lastKnownFileType = sourcecode.c.h; path = weathercore.h; sourceTree = "<group>"; };
		426E64532A7F7ACB0046ED24 /* weathercore.docc */ = {isa = PBXFileReference; lastKnownFileType = folder.documentationcatalog; path = weathercore.docc; sourceTree = "<group>"; };
		426E64592A7F7ACC0046ED24 /* weathercoreTests.xctest */ = {isa = PBXFileReference; explicitFileType = wrapper.cfbundle; includeInIndex = 0; path = weathercoreTests.xctest; sourceTree = BUILT_PRODUCTS_DIR; };
		426E64602A7F7ACC0046ED24 /* weathercoreTests.swift */ = {isa = PBXFileReference; lastKnownFileType = sourcecode.swift; path = weathercoreTests.swift; sourceTree = "<group>"; };
		426E64712A7F7B440046ED24 /* RequestBuilder.swift */ = {isa = PBXFileReference; fileEncoding = 4; lastKnownFileType = sourcecode.swift; path = RequestBuilder.swift; sourceTree = "<group>"; };
		426E64722A7F7B450046ED24 /* WeatherWorker.swift */ = {isa = PBXFileReference; fileEncoding = 4; lastKnownFileType = sourcecode.swift; path = WeatherWorker.swift; sourceTree = "<group>"; };
		426E64752A7F7B550046ED24 /* ForecastEntity.swift */ = {isa = PBXFileReference; fileEncoding = 4; lastKnownFileType = sourcecode.swift; path = ForecastEntity.swift; sourceTree = "<group>"; };
		426E64762A7F7B550046ED24 /* CoreDataConstants.swift */ = {isa = PBXFileReference; fileEncoding = 4; lastKnownFileType = sourcecode.swift; path = CoreDataConstants.swift; sourceTree = "<group>"; };
		426E64772A7F7B560046ED24 /* DataStoreImpl.swift */ = {isa = PBXFileReference; fileEncoding = 4; lastKnownFileType = sourcecode.swift; path = DataStoreImpl.swift; sourceTree = "<group>"; };
		426E64782A7F7B560046ED24 /* IDataStore.swift */ = {isa = PBXFileReference; fileEncoding = 4; lastKnownFileType = sourcecode.swift; path = IDataStore.swift; sourceTree = "<group>"; };
		426E647D2A7F7B690046ED24 /* AppConfig.swift */ = {isa = PBXFileReference; fileEncoding = 4; lastKnownFileType = sourcecode.swift; path = AppConfig.swift; sourceTree = "<group>"; };
		426E64802A7F7B940046ED24 /* WeatherItem.swift */ = {isa = PBXFileReference; fileEncoding = 4; lastKnownFileType = sourcecode.swift; path = WeatherItem.swift; sourceTree = "<group>"; };
		426E64812A7F7B940046ED24 /* RequestState.swift */ = {isa = PBXFileReference; fileEncoding = 4; lastKnownFileType = sourcecode.swift; path = RequestState.swift; sourceTree = "<group>"; };
		426E64822A7F7B950046ED24 /* ForecastItem.swift */ = {isa = PBXFileReference; fileEncoding = 4; lastKnownFileType = sourcecode.swift; path = ForecastItem.swift; sourceTree = "<group>"; };
		426E64862A7F7BA60046ED24 /* Double+Extension.swift */ = {isa = PBXFileReference; fileEncoding = 4; lastKnownFileType = sourcecode.swift; path = "Double+Extension.swift"; sourceTree = "<group>"; };
		426E64892A7F7BDF0046ED24 /* LogUtils.swift */ = {isa = PBXFileReference; fileEncoding = 4; lastKnownFileType = sourcecode.swift; path = LogUtils.swift; sourceTree = "<group>"; };
		426E648A2A7F7BE00046ED24 /* ResponseDecoder.swift */ = {isa = PBXFileReference; fileEncoding = 4; lastKnownFileType = sourcecode.swift; path = ResponseDecoder.swift; sourceTree = "<group>"; };
		426E648D2A7F7C090046ED24 /* EnvironmentVars.swift */ = {isa = PBXFileReference; fileEncoding = 4; lastKnownFileType = sourcecode.swift; path = EnvironmentVars.swift; sourceTree = "<group>"; };
		426E648E2A7F7C0A0046ED24 /* main.swift */ = {isa = PBXFileReference; fileEncoding = 4; lastKnownFileType = sourcecode.swift; path = main.swift; sourceTree = "<group>"; };
		426E648F2A7F7C0A0046ED24 /* DVTApp.swift */ = {isa = PBXFileReference; fileEncoding = 4; lastKnownFileType = sourcecode.swift; path = DVTApp.swift; sourceTree = "<group>"; };
		426E64942A7F7CED0046ED24 /* Preview Assets.xcassets */ = {isa = PBXFileReference; lastKnownFileType = folder.assetcatalog; path = "Preview Assets.xcassets"; sourceTree = "<group>"; };
		426E64982A7F7D570046ED24 /* Color+Extension.swift */ = {isa = PBXFileReference; fileEncoding = 4; lastKnownFileType = sourcecode.swift; path = "Color+Extension.swift"; sourceTree = "<group>"; };
		426E64992A7F7D570046ED24 /* HostingViewController.swift */ = {isa = PBXFileReference; fileEncoding = 4; lastKnownFileType = sourcecode.swift; path = HostingViewController.swift; sourceTree = "<group>"; };
		426E649A2A7F7D570046ED24 /* UIUtils.swift */ = {isa = PBXFileReference; fileEncoding = 4; lastKnownFileType = sourcecode.swift; path = UIUtils.swift; sourceTree = "<group>"; };
		426E64A12A7F7D840046ED24 /* Base */ = {isa = PBXFileReference; lastKnownFileType = file.xib; name = Base; path = weatherapp/Base.lproj/LoaderView.xib; sourceTree = SOURCE_ROOT; };
		426E64A32A7F7D900046ED24 /* LoaderView.swift */ = {isa = PBXFileReference; fileEncoding = 4; lastKnownFileType = sourcecode.swift; path = LoaderView.swift; sourceTree = "<group>"; };
		426E64A82A7F7DCA0046ED24 /* ForecastTableCell.swift */ = {isa = PBXFileReference; fileEncoding = 4; lastKnownFileType = sourcecode.swift; path = ForecastTableCell.swift; sourceTree = "<group>"; };
		426E64A92A7F7DCA0046ED24 /* WeatherViewController.swift */ = {isa = PBXFileReference; fileEncoding = 4; lastKnownFileType = sourcecode.swift; path = WeatherViewController.swift; sourceTree = "<group>"; };
		426E64AE2A7F7DF10046ED24 /* Base */ = {isa = PBXFileReference; lastKnownFileType = file.storyboard; name = Base; path = weatherapp/Base.lproj/Weather.storyboard; sourceTree = SOURCE_ROOT; };
		426E64B02A7F7E020046ED24 /* WeatherViewModel.swift */ = {isa = PBXFileReference; fileEncoding = 4; lastKnownFileType = sourcecode.swift; path = WeatherViewModel.swift; sourceTree = "<group>"; };
		426E64B12A7F7E020046ED24 /* WeatherView.swift */ = {isa = PBXFileReference; fileEncoding = 4; lastKnownFileType = sourcecode.swift; path = WeatherView.swift; sourceTree = "<group>"; };
		426E64B22A7F7E020046ED24 /* LoadingView.swift */ = {isa = PBXFileReference; fileEncoding = 4; lastKnownFileType = sourcecode.swift; path = LoadingView.swift; sourceTree = "<group>"; };
		426E64B32A7F7E030046ED24 /* ForecastRowView.swift */ = {isa = PBXFileReference; fileEncoding = 4; lastKnownFileType = sourcecode.swift; path = ForecastRowView.swift; sourceTree = "<group>"; };
		426E64B92A7F89210046ED24 /* EmptyTableCell.swift */ = {isa = PBXFileReference; lastKnownFileType = sourcecode.swift; path = EmptyTableCell.swift; sourceTree = "<group>"; };
		42F4A6DB2A7FC655005849D4 /* dvt.png */ = {isa = PBXFileReference; lastKnownFileType = image.png; path = dvt.png; sourceTree = "<group>"; };
		42F4A6E22A7FC9CF005849D4 /* Icon-57x57.png */ = {isa = PBXFileReference; lastKnownFileType = image.png; path = "Icon-57x57.png"; sourceTree = "<group>"; };
		42F4A6E32A7FC9CF005849D4 /* Icon-512x512.png */ = {isa = PBXFileReference; lastKnownFileType = image.png; path = "Icon-512x512.png"; sourceTree = "<group>"; };
		42F4A6E62A7FCB55005849D4 /* release */ = {isa = PBXFileReference; lastKnownFileType = folder; path = release; sourceTree = "<group>"; };
/* End PBXFileReference section */

/* Begin PBXFrameworksBuildPhase section */
		426E64122A7F7A1B0046ED24 /* Frameworks */ = {
			isa = PBXFrameworksBuildPhase;
			buildActionMask = 2147483647;
			files = (
				426E64652A7F7ACC0046ED24 /* weathercore.framework in Frameworks */,
			);
			runOnlyForDeploymentPostprocessing = 0;
		};
		426E642B2A7F7A1F0046ED24 /* Frameworks */ = {
			isa = PBXFrameworksBuildPhase;
			buildActionMask = 2147483647;
			files = (
			);
			runOnlyForDeploymentPostprocessing = 0;
		};
		426E64352A7F7A1F0046ED24 /* Frameworks */ = {
			isa = PBXFrameworksBuildPhase;
			buildActionMask = 2147483647;
			files = (
			);
			runOnlyForDeploymentPostprocessing = 0;
		};
		426E644D2A7F7ACB0046ED24 /* Frameworks */ = {
			isa = PBXFrameworksBuildPhase;
			buildActionMask = 2147483647;
			files = (
			);
			runOnlyForDeploymentPostprocessing = 0;
		};
		426E64562A7F7ACC0046ED24 /* Frameworks */ = {
			isa = PBXFrameworksBuildPhase;
			buildActionMask = 2147483647;
			files = (
				426E645A2A7F7ACC0046ED24 /* weathercore.framework in Frameworks */,
			);
			runOnlyForDeploymentPostprocessing = 0;
		};
/* End PBXFrameworksBuildPhase section */

/* Begin PBXGroup section */
		426E640C2A7F7A1B0046ED24 = {
			isa = PBXGroup;
			children = (
				426E64172A7F7A1B0046ED24 /* weatherapp */,
				426E64312A7F7A1F0046ED24 /* weatherappTests */,
				426E643B2A7F7A1F0046ED24 /* weatherappUITests */,
				426E64512A7F7ACB0046ED24 /* weathercore */,
				426E645F2A7F7ACC0046ED24 /* weathercoreTests */,
				42F4A6DD2A7FC8DB005849D4 /* Artifacts */,
				426E64162A7F7A1B0046ED24 /* Products */,
			);
			sourceTree = "<group>";
		};
		426E64162A7F7A1B0046ED24 /* Products */ = {
			isa = PBXGroup;
			children = (
				426E64152A7F7A1B0046ED24 /* weatherapp.app */,
				426E642E2A7F7A1F0046ED24 /* weatherappTests.xctest */,
				426E64382A7F7A1F0046ED24 /* weatherappUITests.xctest */,
				426E64502A7F7ACB0046ED24 /* weathercore.framework */,
				426E64592A7F7ACC0046ED24 /* weathercoreTests.xctest */,
			);
			name = Products;
			sourceTree = "<group>";
		};
		426E64172A7F7A1B0046ED24 /* weatherapp */ = {
			isa = PBXGroup;
			children = (
				426E648E2A7F7C0A0046ED24 /* main.swift */,
				426E648F2A7F7C0A0046ED24 /* DVTApp.swift */,
				426E64182A7F7A1B0046ED24 /* AppDelegate.swift */,
				426E641A2A7F7A1B0046ED24 /* SceneDelegate.swift */,
				426E648D2A7F7C090046ED24 /* EnvironmentVars.swift */,
				426E64262A7F7A1F0046ED24 /* LaunchScreen.storyboard */,
				426E64962A7F7CF90046ED24 /* UI */,
				426E64932A7F7CA00046ED24 /* Preview Content */,
				426E64242A7F7A1F0046ED24 /* Assets.xcassets */,
				426E64292A7F7A1F0046ED24 /* Info.plist */,
				426E64212A7F7A1B0046ED24 /* weatherapp.xcdatamodeld */,
				426E64972A7F7D340046ED24 /* Resources */,
			);
			path = weatherapp;
			sourceTree = "<group>";
		};
		426E64312A7F7A1F0046ED24 /* weatherappTests */ = {
			isa = PBXGroup;
			children = (
				426E64322A7F7A1F0046ED24 /* weatherappTests.swift */,
			);
			path = weatherappTests;
			sourceTree = "<group>";
		};
		426E643B2A7F7A1F0046ED24 /* weatherappUITests */ = {
			isa = PBXGroup;
			children = (
				426E643C2A7F7A1F0046ED24 /* weatherappUITests.swift */,
				426E643E2A7F7A1F0046ED24 /* weatherappUITestsLaunchTests.swift */,
			);
			path = weatherappUITests;
			sourceTree = "<group>";
		};
		426E64512A7F7ACB0046ED24 /* weathercore */ = {
			isa = PBXGroup;
			children = (
				426E647D2A7F7B690046ED24 /* AppConfig.swift */,
				426E64862A7F7BA60046ED24 /* Double+Extension.swift */,
				426E647F2A7F7B790046ED24 /* Models */,
				426E646E2A7F7B110046ED24 /* Repo */,
				426E64882A7F7BCE0046ED24 /* Utils */,
				426E64522A7F7ACB0046ED24 /* weathercore.h */,
				426E64532A7F7ACB0046ED24 /* weathercore.docc */,
			);
			path = weathercore;
			sourceTree = "<group>";
		};
		426E645F2A7F7ACC0046ED24 /* weathercoreTests */ = {
			isa = PBXGroup;
			children = (
				426E64602A7F7ACC0046ED24 /* weathercoreTests.swift */,
			);
			path = weathercoreTests;
			sourceTree = "<group>";
		};
		426E646E2A7F7B110046ED24 /* Repo */ = {
			isa = PBXGroup;
			children = (
				426E64702A7F7B330046ED24 /* Local */,
				426E646F2A7F7B220046ED24 /* Remote */,
			);
			path = Repo;
			sourceTree = "<group>";
		};
		426E646F2A7F7B220046ED24 /* Remote */ = {
			isa = PBXGroup;
			children = (
				426E64712A7F7B440046ED24 /* RequestBuilder.swift */,
				426E64722A7F7B450046ED24 /* WeatherWorker.swift */,
			);
			path = Remote;
			sourceTree = "<group>";
		};
		426E64702A7F7B330046ED24 /* Local */ = {
			isa = PBXGroup;
			children = (
				426E64762A7F7B550046ED24 /* CoreDataConstants.swift */,
				426E64772A7F7B560046ED24 /* DataStoreImpl.swift */,
				426E64752A7F7B550046ED24 /* ForecastEntity.swift */,
				426E64782A7F7B560046ED24 /* IDataStore.swift */,
			);
			path = Local;
			sourceTree = "<group>";
		};
		426E647F2A7F7B790046ED24 /* Models */ = {
			isa = PBXGroup;
			children = (
				426E64822A7F7B950046ED24 /* ForecastItem.swift */,
				426E64812A7F7B940046ED24 /* RequestState.swift */,
				426E64802A7F7B940046ED24 /* WeatherItem.swift */,
			);
			path = Models;
			sourceTree = "<group>";
		};
		426E64882A7F7BCE0046ED24 /* Utils */ = {
			isa = PBXGroup;
			children = (
				426E64892A7F7BDF0046ED24 /* LogUtils.swift */,
				426E648A2A7F7BE00046ED24 /* ResponseDecoder.swift */,
			);
			path = Utils;
			sourceTree = "<group>";
		};
		426E64932A7F7CA00046ED24 /* Preview Content */ = {
			isa = PBXGroup;
			children = (
				426E64942A7F7CED0046ED24 /* Preview Assets.xcassets */,
			);
			path = "Preview Content";
			sourceTree = "<group>";
		};
		426E64962A7F7CF90046ED24 /* UI */ = {
			isa = PBXGroup;
			children = (
				426E649F2A7F7D6A0046ED24 /* Loader */,
				426E649E2A7F7D610046ED24 /* Weather */,
				426E64982A7F7D570046ED24 /* Color+Extension.swift */,
				426E64992A7F7D570046ED24 /* HostingViewController.swift */,
				426E649A2A7F7D570046ED24 /* UIUtils.swift */,
			);
			path = UI;
			sourceTree = "<group>";
		};
		426E64972A7F7D340046ED24 /* Resources */ = {
			isa = PBXGroup;
			children = (
				42F4A6DB2A7FC655005849D4 /* dvt.png */,
			);
			path = Resources;
			sourceTree = "<group>";
		};
		426E649E2A7F7D610046ED24 /* Weather */ = {
			isa = PBXGroup;
			children = (
				426E64A72A7F7DBE0046ED24 /* Views */,
				426E64A62A7F7DB60046ED24 /* Storyboards */,
				426E64A52A7F7DAF0046ED24 /* Controllers */,
			);
			path = Weather;
			sourceTree = "<group>";
		};
		426E649F2A7F7D6A0046ED24 /* Loader */ = {
			isa = PBXGroup;
			children = (
				426E64A32A7F7D900046ED24 /* LoaderView.swift */,
				426E64A02A7F7D840046ED24 /* LoaderView.xib */,
			);
			path = Loader;
			sourceTree = "<group>";
		};
		426E64A52A7F7DAF0046ED24 /* Controllers */ = {
			isa = PBXGroup;
			children = (
				426E64AC2A7F7DD30046ED24 /* Cells */,
				426E64A92A7F7DCA0046ED24 /* WeatherViewController.swift */,
			);
			path = Controllers;
			sourceTree = "<group>";
		};
		426E64A62A7F7DB60046ED24 /* Storyboards */ = {
			isa = PBXGroup;
			children = (
				426E64AD2A7F7DF10046ED24 /* Weather.storyboard */,
			);
			path = Storyboards;
			sourceTree = "<group>";
		};
		426E64A72A7F7DBE0046ED24 /* Views */ = {
			isa = PBXGroup;
			children = (
				426E64B82A7F7E120046ED24 /* ViewModels */,
				426E64B32A7F7E030046ED24 /* ForecastRowView.swift */,
				426E64B22A7F7E020046ED24 /* LoadingView.swift */,
				426E64B12A7F7E020046ED24 /* WeatherView.swift */,
			);
			path = Views;
			sourceTree = "<group>";
		};
		426E64AC2A7F7DD30046ED24 /* Cells */ = {
			isa = PBXGroup;
			children = (
				426E64A82A7F7DCA0046ED24 /* ForecastTableCell.swift */,
				426E64B92A7F89210046ED24 /* EmptyTableCell.swift */,
			);
			path = Cells;
			sourceTree = "<group>";
		};
		426E64B82A7F7E120046ED24 /* ViewModels */ = {
			isa = PBXGroup;
			children = (
				426E64B02A7F7E020046ED24 /* WeatherViewModel.swift */,
			);
			path = ViewModels;
			sourceTree = "<group>";
		};
		42F4A6DD2A7FC8DB005849D4 /* Artifacts */ = {
			isa = PBXGroup;
			children = (
				42F4A6E62A7FCB55005849D4 /* release */,
				42F4A6E22A7FC9CF005849D4 /* Icon-57x57.png */,
				42F4A6E32A7FC9CF005849D4 /* Icon-512x512.png */,
			);
			path = Artifacts;
			sourceTree = "<group>";
		};
/* End PBXGroup section */

/* Begin PBXHeadersBuildPhase section */
		426E644B2A7F7ACB0046ED24 /* Headers */ = {
			isa = PBXHeadersBuildPhase;
			buildActionMask = 2147483647;
			files = (
				426E64622A7F7ACC0046ED24 /* weathercore.h in Headers */,
			);
			runOnlyForDeploymentPostprocessing = 0;
		};
/* End PBXHeadersBuildPhase section */

/* Begin PBXNativeTarget section */
		426E64142A7F7A1B0046ED24 /* weatherapp */ = {
			isa = PBXNativeTarget;
			buildConfigurationList = 426E64422A7F7A1F0046ED24 /* Build configuration list for PBXNativeTarget "weatherapp" */;
			buildPhases = (
				426E64112A7F7A1B0046ED24 /* Sources */,
				426E64122A7F7A1B0046ED24 /* Frameworks */,
				426E64132A7F7A1B0046ED24 /* Resources */,
				426E646A2A7F7ACC0046ED24 /* Embed Frameworks */,
			);
			buildRules = (
			);
			dependencies = (
				426E64642A7F7ACC0046ED24 /* PBXTargetDependency */,
			);
			name = weatherapp;
			productName = weatherapp;
			productReference = 426E64152A7F7A1B0046ED24 /* weatherapp.app */;
			productType = "com.apple.product-type.application";
		};
		426E642D2A7F7A1F0046ED24 /* weatherappTests */ = {
			isa = PBXNativeTarget;
			buildConfigurationList = 426E64452A7F7A1F0046ED24 /* Build configuration list for PBXNativeTarget "weatherappTests" */;
			buildPhases = (
				426E642A2A7F7A1F0046ED24 /* Sources */,
				426E642B2A7F7A1F0046ED24 /* Frameworks */,
				426E642C2A7F7A1F0046ED24 /* Resources */,
			);
			buildRules = (
			);
			dependencies = (
				426E64302A7F7A1F0046ED24 /* PBXTargetDependency */,
			);
			name = weatherappTests;
			productName = weatherappTests;
			productReference = 426E642E2A7F7A1F0046ED24 /* weatherappTests.xctest */;
			productType = "com.apple.product-type.bundle.unit-test";
		};
		426E64372A7F7A1F0046ED24 /* weatherappUITests */ = {
			isa = PBXNativeTarget;
			buildConfigurationList = 426E64482A7F7A1F0046ED24 /* Build configuration list for PBXNativeTarget "weatherappUITests" */;
			buildPhases = (
				426E64342A7F7A1F0046ED24 /* Sources */,
				426E64352A7F7A1F0046ED24 /* Frameworks */,
				426E64362A7F7A1F0046ED24 /* Resources */,
			);
			buildRules = (
			);
			dependencies = (
				426E643A2A7F7A1F0046ED24 /* PBXTargetDependency */,
			);
			name = weatherappUITests;
			productName = weatherappUITests;
			productReference = 426E64382A7F7A1F0046ED24 /* weatherappUITests.xctest */;
			productType = "com.apple.product-type.bundle.ui-testing";
		};
		426E644F2A7F7ACB0046ED24 /* weathercore */ = {
			isa = PBXNativeTarget;
			buildConfigurationList = 426E64672A7F7ACC0046ED24 /* Build configuration list for PBXNativeTarget "weathercore" */;
			buildPhases = (
				426E644B2A7F7ACB0046ED24 /* Headers */,
				426E644C2A7F7ACB0046ED24 /* Sources */,
				426E644D2A7F7ACB0046ED24 /* Frameworks */,
				426E644E2A7F7ACB0046ED24 /* Resources */,
			);
			buildRules = (
			);
			dependencies = (
			);
			name = weathercore;
			productName = weathercore;
			productReference = 426E64502A7F7ACB0046ED24 /* weathercore.framework */;
			productType = "com.apple.product-type.framework";
		};
		426E64582A7F7ACC0046ED24 /* weathercoreTests */ = {
			isa = PBXNativeTarget;
			buildConfigurationList = 426E646B2A7F7ACC0046ED24 /* Build configuration list for PBXNativeTarget "weathercoreTests" */;
			buildPhases = (
				426E64552A7F7ACC0046ED24 /* Sources */,
				426E64562A7F7ACC0046ED24 /* Frameworks */,
				426E64572A7F7ACC0046ED24 /* Resources */,
			);
			buildRules = (
			);
			dependencies = (
				426E645C2A7F7ACC0046ED24 /* PBXTargetDependency */,
				426E645E2A7F7ACC0046ED24 /* PBXTargetDependency */,
			);
			name = weathercoreTests;
			productName = weathercoreTests;
			productReference = 426E64592A7F7ACC0046ED24 /* weathercoreTests.xctest */;
			productType = "com.apple.product-type.bundle.unit-test";
		};
/* End PBXNativeTarget section */

/* Begin PBXProject section */
		426E640D2A7F7A1B0046ED24 /* Project object */ = {
			isa = PBXProject;
			attributes = {
				BuildIndependentTargetsInParallel = 1;
				LastSwiftUpdateCheck = 1420;
				LastUpgradeCheck = 1420;
				TargetAttributes = {
					426E64142A7F7A1B0046ED24 = {
						CreatedOnToolsVersion = 14.2;
					};
					426E642D2A7F7A1F0046ED24 = {
						CreatedOnToolsVersion = 14.2;
						TestTargetID = 426E64142A7F7A1B0046ED24;
					};
					426E64372A7F7A1F0046ED24 = {
						CreatedOnToolsVersion = 14.2;
						TestTargetID = 426E64142A7F7A1B0046ED24;
					};
					426E644F2A7F7ACB0046ED24 = {
						CreatedOnToolsVersion = 14.2;
					};
					426E64582A7F7ACC0046ED24 = {
						CreatedOnToolsVersion = 14.2;
						TestTargetID = 426E64142A7F7A1B0046ED24;
					};
				};
			};
			buildConfigurationList = 426E64102A7F7A1B0046ED24 /* Build configuration list for PBXProject "weatherapp" */;
			compatibilityVersion = "Xcode 14.0";
			developmentRegion = en;
			hasScannedForEncodings = 0;
			knownRegions = (
				en,
				Base,
			);
			mainGroup = 426E640C2A7F7A1B0046ED24;
			productRefGroup = 426E64162A7F7A1B0046ED24 /* Products */;
			projectDirPath = "";
			projectRoot = "";
			targets = (
				426E64142A7F7A1B0046ED24 /* weatherapp */,
				426E642D2A7F7A1F0046ED24 /* weatherappTests */,
				426E64372A7F7A1F0046ED24 /* weatherappUITests */,
				426E644F2A7F7ACB0046ED24 /* weathercore */,
				426E64582A7F7ACC0046ED24 /* weathercoreTests */,
			);
		};
/* End PBXProject section */

/* Begin PBXResourcesBuildPhase section */
		426E64132A7F7A1B0046ED24 /* Resources */ = {
			isa = PBXResourcesBuildPhase;
			buildActionMask = 2147483647;
			files = (
				42F4A6E72A7FCB55005849D4 /* release in Resources */,
				42F4A6E42A7FC9CF005849D4 /* Icon-57x57.png in Resources */,
				42F4A6DC2A7FC655005849D4 /* dvt.png in Resources */,
				426E64282A7F7A1F0046ED24 /* LaunchScreen.storyboard in Resources */,
				426E64AF2A7F7DF10046ED24 /* Weather.storyboard in Resources */,
				42F4A6E52A7FC9CF005849D4 /* Icon-512x512.png in Resources */,
				426E64A22A7F7D840046ED24 /* LoaderView.xib in Resources */,
				426E64952A7F7CED0046ED24 /* Preview Assets.xcassets in Resources */,
				426E64252A7F7A1F0046ED24 /* Assets.xcassets in Resources */,
			);
			runOnlyForDeploymentPostprocessing = 0;
		};
		426E642C2A7F7A1F0046ED24 /* Resources */ = {
			isa = PBXResourcesBuildPhase;
			buildActionMask = 2147483647;
			files = (
			);
			runOnlyForDeploymentPostprocessing = 0;
		};
		426E64362A7F7A1F0046ED24 /* Resources */ = {
			isa = PBXResourcesBuildPhase;
			buildActionMask = 2147483647;
			files = (
			);
			runOnlyForDeploymentPostprocessing = 0;
		};
		426E644E2A7F7ACB0046ED24 /* Resources */ = {
			isa = PBXResourcesBuildPhase;
			buildActionMask = 2147483647;
			files = (
			);
			runOnlyForDeploymentPostprocessing = 0;
		};
		426E64572A7F7ACC0046ED24 /* Resources */ = {
			isa = PBXResourcesBuildPhase;
			buildActionMask = 2147483647;
			files = (
			);
			runOnlyForDeploymentPostprocessing = 0;
		};
/* End PBXResourcesBuildPhase section */

/* Begin PBXSourcesBuildPhase section */
		426E64112A7F7A1B0046ED24 /* Sources */ = {
			isa = PBXSourcesBuildPhase;
			buildActionMask = 2147483647;
			files = (
				426E64902A7F7C0A0046ED24 /* EnvironmentVars.swift in Sources */,
				426E64B42A7F7E030046ED24 /* WeatherViewModel.swift in Sources */,
				426E64AB2A7F7DCB0046ED24 /* WeatherViewController.swift in Sources */,
				426E649C2A7F7D580046ED24 /* HostingViewController.swift in Sources */,
				426E649B2A7F7D580046ED24 /* Color+Extension.swift in Sources */,
				426E64B52A7F7E030046ED24 /* WeatherView.swift in Sources */,
				426E64232A7F7A1B0046ED24 /* weatherapp.xcdatamodeld in Sources */,
				426E64AA2A7F7DCB0046ED24 /* ForecastTableCell.swift in Sources */,
				426E64B62A7F7E030046ED24 /* LoadingView.swift in Sources */,
				426E64912A7F7C0A0046ED24 /* main.swift in Sources */,
				426E64B72A7F7E030046ED24 /* ForecastRowView.swift in Sources */,
				426E64922A7F7C0A0046ED24 /* DVTApp.swift in Sources */,
				426E649D2A7F7D580046ED24 /* UIUtils.swift in Sources */,
				426E64A42A7F7D900046ED24 /* LoaderView.swift in Sources */,
				426E64192A7F7A1B0046ED24 /* AppDelegate.swift in Sources */,
				426E64BA2A7F89210046ED24 /* EmptyTableCell.swift in Sources */,
				426E641B2A7F7A1B0046ED24 /* SceneDelegate.swift in Sources */,
			);
			runOnlyForDeploymentPostprocessing = 0;
		};
		426E642A2A7F7A1F0046ED24 /* Sources */ = {
			isa = PBXSourcesBuildPhase;
			buildActionMask = 2147483647;
			files = (
				426E64332A7F7A1F0046ED24 /* weatherappTests.swift in Sources */,
			);
			runOnlyForDeploymentPostprocessing = 0;
		};
		426E64342A7F7A1F0046ED24 /* Sources */ = {
			isa = PBXSourcesBuildPhase;
			buildActionMask = 2147483647;
			files = (
				426E643D2A7F7A1F0046ED24 /* weatherappUITests.swift in Sources */,
				426E643F2A7F7A1F0046ED24 /* weatherappUITestsLaunchTests.swift in Sources */,
			);
			runOnlyForDeploymentPostprocessing = 0;
		};
		426E644C2A7F7ACB0046ED24 /* Sources */ = {
			isa = PBXSourcesBuildPhase;
			buildActionMask = 2147483647;
			files = (
				426E64542A7F7ACB0046ED24 /* weathercore.docc in Sources */,
				426E647E2A7F7B690046ED24 /* AppConfig.swift in Sources */,
				426E64732A7F7B450046ED24 /* RequestBuilder.swift in Sources */,
				426E64742A7F7B450046ED24 /* WeatherWorker.swift in Sources */,
				426E64792A7F7B570046ED24 /* ForecastEntity.swift in Sources */,
				426E647A2A7F7B570046ED24 /* CoreDataConstants.swift in Sources */,
				426E64852A7F7B960046ED24 /* ForecastItem.swift in Sources */,
				426E648C2A7F7BE00046ED24 /* ResponseDecoder.swift in Sources */,
				426E647B2A7F7B570046ED24 /* DataStoreImpl.swift in Sources */,
				426E648B2A7F7BE00046ED24 /* LogUtils.swift in Sources */,
				426E64842A7F7B960046ED24 /* RequestState.swift in Sources */,
				426E647C2A7F7B570046ED24 /* IDataStore.swift in Sources */,
				426E64872A7F7BA60046ED24 /* Double+Extension.swift in Sources */,
				426E64832A7F7B960046ED24 /* WeatherItem.swift in Sources */,
			);
			runOnlyForDeploymentPostprocessing = 0;
		};
		426E64552A7F7ACC0046ED24 /* Sources */ = {
			isa = PBXSourcesBuildPhase;
			buildActionMask = 2147483647;
			files = (
				426E64612A7F7ACC0046ED24 /* weathercoreTests.swift in Sources */,
			);
			runOnlyForDeploymentPostprocessing = 0;
		};
/* End PBXSourcesBuildPhase section */

/* Begin PBXTargetDependency section */
		426E64302A7F7A1F0046ED24 /* PBXTargetDependency */ = {
			isa = PBXTargetDependency;
			target = 426E64142A7F7A1B0046ED24 /* weatherapp */;
			targetProxy = 426E642F2A7F7A1F0046ED24 /* PBXContainerItemProxy */;
		};
		426E643A2A7F7A1F0046ED24 /* PBXTargetDependency */ = {
			isa = PBXTargetDependency;
			target = 426E64142A7F7A1B0046ED24 /* weatherapp */;
			targetProxy = 426E64392A7F7A1F0046ED24 /* PBXContainerItemProxy */;
		};
		426E645C2A7F7ACC0046ED24 /* PBXTargetDependency */ = {
			isa = PBXTargetDependency;
			target = 426E644F2A7F7ACB0046ED24 /* weathercore */;
			targetProxy = 426E645B2A7F7ACC0046ED24 /* PBXContainerItemProxy */;
		};
		426E645E2A7F7ACC0046ED24 /* PBXTargetDependency */ = {
			isa = PBXTargetDependency;
			target = 426E64142A7F7A1B0046ED24 /* weatherapp */;
			targetProxy = 426E645D2A7F7ACC0046ED24 /* PBXContainerItemProxy */;
		};
		426E64642A7F7ACC0046ED24 /* PBXTargetDependency */ = {
			isa = PBXTargetDependency;
			target = 426E644F2A7F7ACB0046ED24 /* weathercore */;
			targetProxy = 426E64632A7F7ACC0046ED24 /* PBXContainerItemProxy */;
		};
/* End PBXTargetDependency section */

/* Begin PBXVariantGroup section */
		426E64262A7F7A1F0046ED24 /* LaunchScreen.storyboard */ = {
			isa = PBXVariantGroup;
			children = (
				426E64272A7F7A1F0046ED24 /* Base */,
			);
			name = LaunchScreen.storyboard;
			sourceTree = "<group>";
		};
		426E64A02A7F7D840046ED24 /* LoaderView.xib */ = {
			isa = PBXVariantGroup;
			children = (
				426E64A12A7F7D840046ED24 /* Base */,
			);
			name = LoaderView.xib;
			sourceTree = "<group>";
		};
		426E64AD2A7F7DF10046ED24 /* Weather.storyboard */ = {
			isa = PBXVariantGroup;
			children = (
				426E64AE2A7F7DF10046ED24 /* Base */,
			);
			name = Weather.storyboard;
			sourceTree = "<group>";
		};
/* End PBXVariantGroup section */

/* Begin XCBuildConfiguration section */
		426E64402A7F7A1F0046ED24 /* Debug */ = {
			isa = XCBuildConfiguration;
			buildSettings = {
				ALWAYS_SEARCH_USER_PATHS = NO;
				CLANG_ANALYZER_NONNULL = YES;
				CLANG_ANALYZER_NUMBER_OBJECT_CONVERSION = YES_AGGRESSIVE;
				CLANG_CXX_LANGUAGE_STANDARD = "gnu++20";
				CLANG_ENABLE_MODULES = YES;
				CLANG_ENABLE_OBJC_ARC = YES;
				CLANG_ENABLE_OBJC_WEAK = YES;
				CLANG_WARN_BLOCK_CAPTURE_AUTORELEASING = YES;
				CLANG_WARN_BOOL_CONVERSION = YES;
				CLANG_WARN_COMMA = YES;
				CLANG_WARN_CONSTANT_CONVERSION = YES;
				CLANG_WARN_DEPRECATED_OBJC_IMPLEMENTATIONS = YES;
				CLANG_WARN_DIRECT_OBJC_ISA_USAGE = YES_ERROR;
				CLANG_WARN_DOCUMENTATION_COMMENTS = YES;
				CLANG_WARN_EMPTY_BODY = YES;
				CLANG_WARN_ENUM_CONVERSION = YES;
				CLANG_WARN_INFINITE_RECURSION = YES;
				CLANG_WARN_INT_CONVERSION = YES;
				CLANG_WARN_NON_LITERAL_NULL_CONVERSION = YES;
				CLANG_WARN_OBJC_IMPLICIT_RETAIN_SELF = YES;
				CLANG_WARN_OBJC_LITERAL_CONVERSION = YES;
				CLANG_WARN_OBJC_ROOT_CLASS = YES_ERROR;
				CLANG_WARN_QUOTED_INCLUDE_IN_FRAMEWORK_HEADER = YES;
				CLANG_WARN_RANGE_LOOP_ANALYSIS = YES;
				CLANG_WARN_STRICT_PROTOTYPES = YES;
				CLANG_WARN_SUSPICIOUS_MOVE = YES;
				CLANG_WARN_UNGUARDED_AVAILABILITY = YES_AGGRESSIVE;
				CLANG_WARN_UNREACHABLE_CODE = YES;
				CLANG_WARN__DUPLICATE_METHOD_MATCH = YES;
				COPY_PHASE_STRIP = NO;
				DEBUG_INFORMATION_FORMAT = dwarf;
				ENABLE_STRICT_OBJC_MSGSEND = YES;
				ENABLE_TESTABILITY = YES;
				GCC_C_LANGUAGE_STANDARD = gnu11;
				GCC_DYNAMIC_NO_PIC = NO;
				GCC_NO_COMMON_BLOCKS = YES;
				GCC_OPTIMIZATION_LEVEL = 0;
				GCC_PREPROCESSOR_DEFINITIONS = (
					"DEBUG=1",
					"$(inherited)",
				);
				GCC_WARN_64_TO_32_BIT_CONVERSION = YES;
				GCC_WARN_ABOUT_RETURN_TYPE = YES_ERROR;
				GCC_WARN_UNDECLARED_SELECTOR = YES;
				GCC_WARN_UNINITIALIZED_AUTOS = YES_AGGRESSIVE;
				GCC_WARN_UNUSED_FUNCTION = YES;
				GCC_WARN_UNUSED_VARIABLE = YES;
				IPHONEOS_DEPLOYMENT_TARGET = 16.2;
				MTL_ENABLE_DEBUG_INFO = INCLUDE_SOURCE;
				MTL_FAST_MATH = YES;
				ONLY_ACTIVE_ARCH = YES;
				SDKROOT = iphoneos;
				SWIFT_ACTIVE_COMPILATION_CONDITIONS = DEBUG;
				SWIFT_OPTIMIZATION_LEVEL = "-Onone";
			};
			name = Debug;
		};
		426E64412A7F7A1F0046ED24 /* Release */ = {
			isa = XCBuildConfiguration;
			buildSettings = {
				ALWAYS_SEARCH_USER_PATHS = NO;
				CLANG_ANALYZER_NONNULL = YES;
				CLANG_ANALYZER_NUMBER_OBJECT_CONVERSION = YES_AGGRESSIVE;
				CLANG_CXX_LANGUAGE_STANDARD = "gnu++20";
				CLANG_ENABLE_MODULES = YES;
				CLANG_ENABLE_OBJC_ARC = YES;
				CLANG_ENABLE_OBJC_WEAK = YES;
				CLANG_WARN_BLOCK_CAPTURE_AUTORELEASING = YES;
				CLANG_WARN_BOOL_CONVERSION = YES;
				CLANG_WARN_COMMA = YES;
				CLANG_WARN_CONSTANT_CONVERSION = YES;
				CLANG_WARN_DEPRECATED_OBJC_IMPLEMENTATIONS = YES;
				CLANG_WARN_DIRECT_OBJC_ISA_USAGE = YES_ERROR;
				CLANG_WARN_DOCUMENTATION_COMMENTS = YES;
				CLANG_WARN_EMPTY_BODY = YES;
				CLANG_WARN_ENUM_CONVERSION = YES;
				CLANG_WARN_INFINITE_RECURSION = YES;
				CLANG_WARN_INT_CONVERSION = YES;
				CLANG_WARN_NON_LITERAL_NULL_CONVERSION = YES;
				CLANG_WARN_OBJC_IMPLICIT_RETAIN_SELF = YES;
				CLANG_WARN_OBJC_LITERAL_CONVERSION = YES;
				CLANG_WARN_OBJC_ROOT_CLASS = YES_ERROR;
				CLANG_WARN_QUOTED_INCLUDE_IN_FRAMEWORK_HEADER = YES;
				CLANG_WARN_RANGE_LOOP_ANALYSIS = YES;
				CLANG_WARN_STRICT_PROTOTYPES = YES;
				CLANG_WARN_SUSPICIOUS_MOVE = YES;
				CLANG_WARN_UNGUARDED_AVAILABILITY = YES_AGGRESSIVE;
				CLANG_WARN_UNREACHABLE_CODE = YES;
				CLANG_WARN__DUPLICATE_METHOD_MATCH = YES;
				COPY_PHASE_STRIP = NO;
				DEBUG_INFORMATION_FORMAT = "dwarf-with-dsym";
				ENABLE_NS_ASSERTIONS = NO;
				ENABLE_STRICT_OBJC_MSGSEND = YES;
				GCC_C_LANGUAGE_STANDARD = gnu11;
				GCC_NO_COMMON_BLOCKS = YES;
				GCC_WARN_64_TO_32_BIT_CONVERSION = YES;
				GCC_WARN_ABOUT_RETURN_TYPE = YES_ERROR;
				GCC_WARN_UNDECLARED_SELECTOR = YES;
				GCC_WARN_UNINITIALIZED_AUTOS = YES_AGGRESSIVE;
				GCC_WARN_UNUSED_FUNCTION = YES;
				GCC_WARN_UNUSED_VARIABLE = YES;
				IPHONEOS_DEPLOYMENT_TARGET = 16.2;
				MTL_ENABLE_DEBUG_INFO = NO;
				MTL_FAST_MATH = YES;
				SDKROOT = iphoneos;
				SWIFT_COMPILATION_MODE = wholemodule;
				SWIFT_OPTIMIZATION_LEVEL = "-O";
				VALIDATE_PRODUCT = YES;
			};
			name = Release;
		};
		426E64432A7F7A1F0046ED24 /* Debug */ = {
			isa = XCBuildConfiguration;
			buildSettings = {
				ALWAYS_EMBED_SWIFT_STANDARD_LIBRARIES = YES;
				ASSETCATALOG_COMPILER_APPICON_NAME = AppIcon;
				ASSETCATALOG_COMPILER_GLOBAL_ACCENT_COLOR_NAME = AccentColor;
				CODE_SIGN_STYLE = Automatic;
				CURRENT_PROJECT_VERSION = 1;
				DEVELOPMENT_TEAM = NST4S2W6A6;
				GENERATE_INFOPLIST_FILE = YES;
				INFOPLIST_FILE = weatherapp/Info.plist;
				INFOPLIST_KEY_CFBundleDisplayName = "DVT Weather";
				INFOPLIST_KEY_LSApplicationCategoryType = "public.app-category.weather";
				INFOPLIST_KEY_NSLocationAlwaysAndWhenInUseUsageDescription = "weatherapp loads weather information based on your current locations. Please Allow..";
				INFOPLIST_KEY_NSLocationAlwaysUsageDescription = "weatherapp loads weather information based on your current locations. Please Allow..";
				INFOPLIST_KEY_NSLocationWhenInUseUsageDescription = "weatherapp loads weather information based on your current locations. Please Allow..";
				INFOPLIST_KEY_UIApplicationSupportsIndirectInputEvents = YES;
				INFOPLIST_KEY_UILaunchStoryboardName = LaunchScreen.storyboard;
				INFOPLIST_KEY_UIStatusBarStyle = UIStatusBarStyleDarkContent;
				INFOPLIST_KEY_UISupportedInterfaceOrientations = UIInterfaceOrientationPortrait;
				INFOPLIST_KEY_UISupportedInterfaceOrientations_iPad = "UIInterfaceOrientationLandscapeLeft UIInterfaceOrientationLandscapeRight UIInterfaceOrientationPortrait UIInterfaceOrientationPortraitUpsideDown";
				IPHONEOS_DEPLOYMENT_TARGET = 12.4;
				LD_RUNPATH_SEARCH_PATHS = (
					"$(inherited)",
					"@executable_path/Frameworks",
				);
				MARKETING_VERSION = 1.0;
				PRODUCT_BUNDLE_IDENTIFIER = com.test.mobile.ios.weatherapp;
				PRODUCT_NAME = "$(TARGET_NAME)";
				SUPPORTED_PLATFORMS = "iphoneos iphonesimulator";
				SUPPORTS_MACCATALYST = NO;
				SUPPORTS_MAC_DESIGNED_FOR_IPHONE_IPAD = NO;
				SWIFT_EMIT_LOC_STRINGS = YES;
				SWIFT_VERSION = 5.0;
				TARGETED_DEVICE_FAMILY = 1;
			};
			name = Debug;
		};
		426E64442A7F7A1F0046ED24 /* Release */ = {
			isa = XCBuildConfiguration;
			buildSettings = {
				ALWAYS_EMBED_SWIFT_STANDARD_LIBRARIES = YES;
				ASSETCATALOG_COMPILER_APPICON_NAME = AppIcon;
				ASSETCATALOG_COMPILER_GLOBAL_ACCENT_COLOR_NAME = AccentColor;
				CODE_SIGN_STYLE = Automatic;
				CURRENT_PROJECT_VERSION = 1;
				DEVELOPMENT_TEAM = NST4S2W6A6;
				GENERATE_INFOPLIST_FILE = YES;
				INFOPLIST_FILE = weatherapp/Info.plist;
				INFOPLIST_KEY_CFBundleDisplayName = "DVT Weather";
				INFOPLIST_KEY_LSApplicationCategoryType = "public.app-category.weather";
				INFOPLIST_KEY_NSLocationAlwaysAndWhenInUseUsageDescription = "weatherapp loads weather information based on your current locations. Please Allow..";
				INFOPLIST_KEY_NSLocationAlwaysUsageDescription = "weatherapp loads weather information based on your current locations. Please Allow..";
				INFOPLIST_KEY_NSLocationWhenInUseUsageDescription = "weatherapp loads weather information based on your current locations. Please Allow..";
				INFOPLIST_KEY_UIApplicationSupportsIndirectInputEvents = YES;
				INFOPLIST_KEY_UILaunchStoryboardName = LaunchScreen.storyboard;
				INFOPLIST_KEY_UIStatusBarStyle = UIStatusBarStyleDarkContent;
				INFOPLIST_KEY_UISupportedInterfaceOrientations = UIInterfaceOrientationPortrait;
				INFOPLIST_KEY_UISupportedInterfaceOrientations_iPad = "UIInterfaceOrientationLandscapeLeft UIInterfaceOrientationLandscapeRight UIInterfaceOrientationPortrait UIInterfaceOrientationPortraitUpsideDown";
				IPHONEOS_DEPLOYMENT_TARGET = 12.4;
				LD_RUNPATH_SEARCH_PATHS = (
					"$(inherited)",
					"@executable_path/Frameworks",
				);
				MARKETING_VERSION = 1.0;
				PRODUCT_BUNDLE_IDENTIFIER = com.test.mobile.ios.weatherapp;
				PRODUCT_NAME = "$(TARGET_NAME)";
				SUPPORTED_PLATFORMS = "iphoneos iphonesimulator";
				SUPPORTS_MACCATALYST = NO;
				SUPPORTS_MAC_DESIGNED_FOR_IPHONE_IPAD = NO;
				SWIFT_EMIT_LOC_STRINGS = YES;
				SWIFT_VERSION = 5.0;
				TARGETED_DEVICE_FAMILY = 1;
			};
			name = Release;
		};
		426E64462A7F7A1F0046ED24 /* Debug */ = {
			isa = XCBuildConfiguration;
			buildSettings = {
				ALWAYS_EMBED_SWIFT_STANDARD_LIBRARIES = YES;
				BUNDLE_LOADER = "$(TEST_HOST)";
				CODE_SIGN_STYLE = Automatic;
				CURRENT_PROJECT_VERSION = 1;
				DEVELOPMENT_TEAM = 4JQZA7Q9CA;
				GENERATE_INFOPLIST_FILE = YES;
				IPHONEOS_DEPLOYMENT_TARGET = 12.4;
				MARKETING_VERSION = 1.0;
				PRODUCT_BUNDLE_IDENTIFIER = com.dvt.mobile.ios.weatherappTests;
				PRODUCT_NAME = "$(TARGET_NAME)";
				SWIFT_EMIT_LOC_STRINGS = NO;
				SWIFT_VERSION = 5.0;
				TARGETED_DEVICE_FAMILY = "1,2";
				TEST_HOST = "$(BUILT_PRODUCTS_DIR)/weatherapp.app/$(BUNDLE_EXECUTABLE_FOLDER_PATH)/weatherapp";
			};
			name = Debug;
		};
		426E64472A7F7A1F0046ED24 /* Release */ = {
			isa = XCBuildConfiguration;
			buildSettings = {
				ALWAYS_EMBED_SWIFT_STANDARD_LIBRARIES = YES;
				BUNDLE_LOADER = "$(TEST_HOST)";
				CODE_SIGN_STYLE = Automatic;
				CURRENT_PROJECT_VERSION = 1;
				DEVELOPMENT_TEAM = 4JQZA7Q9CA;
				GENERATE_INFOPLIST_FILE = YES;
				IPHONEOS_DEPLOYMENT_TARGET = 12.4;
				MARKETING_VERSION = 1.0;
				PRODUCT_BUNDLE_IDENTIFIER = com.dvt.mobile.ios.weatherappTests;
				PRODUCT_NAME = "$(TARGET_NAME)";
				SWIFT_EMIT_LOC_STRINGS = NO;
				SWIFT_VERSION = 5.0;
				TARGETED_DEVICE_FAMILY = "1,2";
				TEST_HOST = "$(BUILT_PRODUCTS_DIR)/weatherapp.app/$(BUNDLE_EXECUTABLE_FOLDER_PATH)/weatherapp";
			};
			name = Release;
		};
		426E64492A7F7A1F0046ED24 /* Debug */ = {
			isa = XCBuildConfiguration;
			buildSettings = {
				ALWAYS_EMBED_SWIFT_STANDARD_LIBRARIES = YES;
				CODE_SIGN_STYLE = Automatic;
				CURRENT_PROJECT_VERSION = 1;
				DEVELOPMENT_TEAM = 4JQZA7Q9CA;
				GENERATE_INFOPLIST_FILE = YES;
				IPHONEOS_DEPLOYMENT_TARGET = 12.4;
				MARKETING_VERSION = 1.0;
				PRODUCT_BUNDLE_IDENTIFIER = com.dvt.mobile.ios.weatherappUITests;
				PRODUCT_NAME = "$(TARGET_NAME)";
				SWIFT_EMIT_LOC_STRINGS = NO;
				SWIFT_VERSION = 5.0;
				TARGETED_DEVICE_FAMILY = "1,2";
				TEST_TARGET_NAME = weatherapp;
			};
			name = Debug;
		};
		426E644A2A7F7A1F0046ED24 /* Release */ = {
			isa = XCBuildConfiguration;
			buildSettings = {
				ALWAYS_EMBED_SWIFT_STANDARD_LIBRARIES = YES;
				CODE_SIGN_STYLE = Automatic;
				CURRENT_PROJECT_VERSION = 1;
				DEVELOPMENT_TEAM = 4JQZA7Q9CA;
				GENERATE_INFOPLIST_FILE = YES;
				IPHONEOS_DEPLOYMENT_TARGET = 12.4;
				MARKETING_VERSION = 1.0;
				PRODUCT_BUNDLE_IDENTIFIER = com.dvt.mobile.ios.weatherappUITests;
				PRODUCT_NAME = "$(TARGET_NAME)";
				SWIFT_EMIT_LOC_STRINGS = NO;
				SWIFT_VERSION = 5.0;
				TARGETED_DEVICE_FAMILY = "1,2";
				TEST_TARGET_NAME = weatherapp;
			};
			name = Release;
		};
		426E64682A7F7ACC0046ED24 /* Debug */ = {
			isa = XCBuildConfiguration;
			buildSettings = {
				CODE_SIGN_STYLE = Automatic;
				CURRENT_PROJECT_VERSION = 1;
				DEFINES_MODULE = YES;
				DEVELOPMENT_TEAM = 4JQZA7Q9CA;
				DYLIB_COMPATIBILITY_VERSION = 1;
				DYLIB_CURRENT_VERSION = 1;
				DYLIB_INSTALL_NAME_BASE = "@rpath";
				GENERATE_INFOPLIST_FILE = YES;
				INFOPLIST_KEY_NSHumanReadableCopyright = "";
				INSTALL_PATH = "$(LOCAL_LIBRARY_DIR)/Frameworks";
				IPHONEOS_DEPLOYMENT_TARGET = 12.4;
				LD_RUNPATH_SEARCH_PATHS = (
					"$(inherited)",
					"@executable_path/Frameworks",
					"@loader_path/Frameworks",
				);
				MARKETING_VERSION = 1.0;
				PRODUCT_BUNDLE_IDENTIFIER = com.dvt.mobile.ios.weathercore;
				PRODUCT_NAME = "$(TARGET_NAME:c99extidentifier)";
				SKIP_INSTALL = YES;
				SWIFT_EMIT_LOC_STRINGS = YES;
				SWIFT_VERSION = 5.0;
				TARGETED_DEVICE_FAMILY = "1,2";
				VERSIONING_SYSTEM = "apple-generic";
				VERSION_INFO_PREFIX = "";
			};
			name = Debug;
		};
		426E64692A7F7ACC0046ED24 /* Release */ = {
			isa = XCBuildConfiguration;
			buildSettings = {
				CODE_SIGN_STYLE = Automatic;
				CURRENT_PROJECT_VERSION = 1;
				DEFINES_MODULE = YES;
				DEVELOPMENT_TEAM = 4JQZA7Q9CA;
				DYLIB_COMPATIBILITY_VERSION = 1;
				DYLIB_CURRENT_VERSION = 1;
				DYLIB_INSTALL_NAME_BASE = "@rpath";
				GENERATE_INFOPLIST_FILE = YES;
				INFOPLIST_KEY_NSHumanReadableCopyright = "";
				INSTALL_PATH = "$(LOCAL_LIBRARY_DIR)/Frameworks";
				IPHONEOS_DEPLOYMENT_TARGET = 12.4;
				LD_RUNPATH_SEARCH_PATHS = (
					"$(inherited)",
					"@executable_path/Frameworks",
					"@loader_path/Frameworks",
				);
				MARKETING_VERSION = 1.0;
				PRODUCT_BUNDLE_IDENTIFIER = com.dvt.mobile.ios.weathercore;
				PRODUCT_NAME = "$(TARGET_NAME:c99extidentifier)";
				SKIP_INSTALL = YES;
				SWIFT_EMIT_LOC_STRINGS = YES;
				SWIFT_VERSION = 5.0;
				TARGETED_DEVICE_FAMILY = "1,2";
				VERSIONING_SYSTEM = "apple-generic";
				VERSION_INFO_PREFIX = "";
			};
			name = Release;
		};
		426E646C2A7F7ACC0046ED24 /* Debug */ = {
			isa = XCBuildConfiguration;
			buildSettings = {
				ALWAYS_EMBED_SWIFT_STANDARD_LIBRARIES = YES;
				CODE_SIGN_STYLE = Automatic;
				CURRENT_PROJECT_VERSION = 1;
				DEVELOPMENT_TEAM = 4JQZA7Q9CA;
				GENERATE_INFOPLIST_FILE = YES;
				IPHONEOS_DEPLOYMENT_TARGET = 12.4;
				MARKETING_VERSION = 1.0;
				PRODUCT_BUNDLE_IDENTIFIER = com.dvt.mobile.ios.weathercoreTests;
				PRODUCT_NAME = "$(TARGET_NAME)";
				SWIFT_EMIT_LOC_STRINGS = NO;
				SWIFT_VERSION = 5.0;
				TARGETED_DEVICE_FAMILY = "1,2";
				TEST_HOST = "$(BUILT_PRODUCTS_DIR)/weatherapp.app/$(BUNDLE_EXECUTABLE_FOLDER_PATH)/weatherapp";
			};
			name = Debug;
		};
		426E646D2A7F7ACC0046ED24 /* Release */ = {
			isa = XCBuildConfiguration;
			buildSettings = {
				ALWAYS_EMBED_SWIFT_STANDARD_LIBRARIES = YES;
				CODE_SIGN_STYLE = Automatic;
				CURRENT_PROJECT_VERSION = 1;
				DEVELOPMENT_TEAM = 4JQZA7Q9CA;
				GENERATE_INFOPLIST_FILE = YES;
				IPHONEOS_DEPLOYMENT_TARGET = 12.4;
				MARKETING_VERSION = 1.0;
				PRODUCT_BUNDLE_IDENTIFIER = com.dvt.mobile.ios.weathercoreTests;
				PRODUCT_NAME = "$(TARGET_NAME)";
				SWIFT_EMIT_LOC_STRINGS = NO;
				SWIFT_VERSION = 5.0;
				TARGETED_DEVICE_FAMILY = "1,2";
				TEST_HOST = "$(BUILT_PRODUCTS_DIR)/weatherapp.app/$(BUNDLE_EXECUTABLE_FOLDER_PATH)/weatherapp";
			};
			name = Release;
		};
/* End XCBuildConfiguration section */

/* Begin XCConfigurationList section */
		426E64102A7F7A1B0046ED24 /* Build configuration list for PBXProject "weatherapp" */ = {
			isa = XCConfigurationList;
			buildConfigurations = (
				426E64402A7F7A1F0046ED24 /* Debug */,
				426E64412A7F7A1F0046ED24 /* Release */,
			);
			defaultConfigurationIsVisible = 0;
			defaultConfigurationName = Release;
		};
		426E64422A7F7A1F0046ED24 /* Build configuration list for PBXNativeTarget "weatherapp" */ = {
			isa = XCConfigurationList;
			buildConfigurations = (
				426E64432A7F7A1F0046ED24 /* Debug */,
				426E64442A7F7A1F0046ED24 /* Release */,
			);
			defaultConfigurationIsVisible = 0;
			defaultConfigurationName = Release;
		};
		426E64452A7F7A1F0046ED24 /* Build configuration list for PBXNativeTarget "weatherappTests" */ = {
			isa = XCConfigurationList;
			buildConfigurations = (
				426E64462A7F7A1F0046ED24 /* Debug */,
				426E64472A7F7A1F0046ED24 /* Release */,
			);
			defaultConfigurationIsVisible = 0;
			defaultConfigurationName = Release;
		};
		426E64482A7F7A1F0046ED24 /* Build configuration list for PBXNativeTarget "weatherappUITests" */ = {
			isa = XCConfigurationList;
			buildConfigurations = (
				426E64492A7F7A1F0046ED24 /* Debug */,
				426E644A2A7F7A1F0046ED24 /* Release */,
			);
			defaultConfigurationIsVisible = 0;
			defaultConfigurationName = Release;
		};
		426E64672A7F7ACC0046ED24 /* Build configuration list for PBXNativeTarget "weathercore" */ = {
			isa = XCConfigurationList;
			buildConfigurations = (
				426E64682A7F7ACC0046ED24 /* Debug */,
				426E64692A7F7ACC0046ED24 /* Release */,
			);
			defaultConfigurationIsVisible = 0;
			defaultConfigurationName = Release;
		};
		426E646B2A7F7ACC0046ED24 /* Build configuration list for PBXNativeTarget "weathercoreTests" */ = {
			isa = XCConfigurationList;
			buildConfigurations = (
				426E646C2A7F7ACC0046ED24 /* Debug */,
				426E646D2A7F7ACC0046ED24 /* Release */,
			);
			defaultConfigurationIsVisible = 0;
			defaultConfigurationName = Release;
		};
/* End XCConfigurationList section */

/* Begin XCVersionGroup section */
		426E64212A7F7A1B0046ED24 /* weatherapp.xcdatamodeld */ = {
			isa = XCVersionGroup;
			children = (
				426E64222A7F7A1B0046ED24 /* weatherapp.xcdatamodel */,
			);
			currentVersion = 426E64222A7F7A1B0046ED24 /* weatherapp.xcdatamodel */;
			path = weatherapp.xcdatamodeld;
			sourceTree = "<group>";
			versionGroupType = wrapper.xcdatamodel;
		};
/* End XCVersionGroup section */
	};
	rootObject = 426E640D2A7F7A1B0046ED24 /* Project object */;
}
